{
  "requires": true,
  "lockfileVersion": 1,
  "dependencies": {
    "@types/html-entities": {
      "version": "1.2.16",
      "resolved": "https://registry.npmjs.org/@types/html-entities/-/html-entities-1.2.16.tgz",
      "integrity": "sha512-CI6fHfFvkTtX2Nlr4JBA6yIFTfA4p9E6w9ky64X6PrfXiTALhUh/SOa+Sxvv2p87m+y5AH71lAUrx0lSYx4hKQ=="
    },
    "@types/html-void-elements": {
      "version": "1.0.0",
      "resolved": "https://registry.npmjs.org/@types/html-void-elements/-/html-void-elements-1.0.0.tgz",
      "integrity": "sha512-6nCXWqtg47aJlrQCokafaIHAhlH0VSbKrJcuGMotJ4hYjMOyyryYyCfvhltpQ9MBVvXVumT0eK5A0HntUVxvdQ=="
    },
    "@types/vue-tel-input": {
      "version": "2.1.0",
      "resolved": "https://registry.npmjs.org/@types/vue-tel-input/-/vue-tel-input-2.1.0.tgz",
      "integrity": "sha512-P5zsoNOqu1ecxxN9QY7IbAhrEXsR0rMZ7yqnPbWjHkt72XyP/QaCF3JQRh6BCjWGHqmnTQrmKGe2LjjuJ1Xgbg==",
      "requires": {
        "vue": ">=2.0.0"
      }
    },
    "@types/vue2-editor": {
      "version": "2.6.0",
      "resolved": "https://registry.npmjs.org/@types/vue2-editor/-/vue2-editor-2.6.0.tgz",
      "integrity": "sha512-TE0shBD3HoDBBWzjAqHtR1kBH3nLSh9M6fasN5B2GVfQo78RWH9P4IAsteVBDdikFq0XMrA775R/OMCvRHGqtA==",
      "requires": {
        "vue": ">=2.0.0"
      }
    },
    "vue": {
      "version": "2.6.10",
      "resolved": "https://registry.npmjs.org/vue/-/vue-2.6.10.tgz",
      "integrity": "sha512-ImThpeNU9HbdZL3utgMCq0oiMzAkt1mcgy3/E6zWC/G6AaQoeuFdsl9nDhTDU3X1R6FK7nsIUuRACVcjI+A2GQ=="
    }
  }
}
